
Microsoft Visual Studio Solution File, Format Version 12.00
Project("{FAE04EC0-301F-11D3-BF4B-00C04F79EFBC}") = "practiceC", "practiceC.csproj", "{A1B0B9BA-5224-4551-AF8D-844AEF62410B}"
EndProject
Global
	GlobalSection(SolutionConfigurationPlatforms) = preSolution
		Debug|Any CPU = Debug|Any CPU
		Release|Any CPU = Release|Any CPU
	EndGlobalSection
	GlobalSection(ProjectConfigurationPlatforms) = postSolution
		{A1B0B9BA-5224-4551-AF8D-844AEF62410B}.Debug|Any CPU.ActiveCfg = Debug|Any CPU
		{A1B0B9BA-5224-4551-AF8D-844AEF62410B}.Debug|Any CPU.Build.0 = Debug|Any CPU
		{A1B0B9BA-5224-4551-AF8D-844AEF62410B}.Release|Any CPU.ActiveCfg = Release|Any CPU
		{A1B0B9BA-5224-4551-AF8D-844AEF62410B}.Release|Any CPU.Build.0 = Release|Any CPU
	EndGlobalSection
EndGlobal
